
Microsoft Visual Studio Solution File, Format Version 12.00
Project("{FAE04EC0-301F-11D3-BF4B-00C04F79EFBC}") = "Boneject", "Boneject\Boneject.csproj", "{0F7B8A70-4A4C-4D67-BA23-49B37C1E96C8}"
EndProject
Global
	GlobalSection(SolutionConfigurationPlatforms) = preSolution
		Debug|Any CPU = Debug|Any CPU
		Release|Any CPU = Release|Any CPU
	EndGlobalSection
	GlobalSection(ProjectConfigurationPlatforms) = postSolution
		{0F7B8A70-4A4C-4D67-BA23-49B37C1E96C8}.Debug|Any CPU.ActiveCfg = Debug|Any CPU
		{0F7B8A70-4A4C-4D67-BA23-49B37C1E96C8}.Debug|Any CPU.Build.0 = Debug|Any CPU
		{0F7B8A70-4A4C-4D67-BA23-49B37C1E96C8}.Release|Any CPU.ActiveCfg = Release|Any CPU
		{0F7B8A70-4A4C-4D67-BA23-49B37C1E96C8}.Release|Any CPU.Build.0 = Release|Any CPU
	EndGlobalSection
EndGlobal
